
Microsoft Visual Studio Solution File, Format Version 12.00
Project("{FAE04EC0-301F-11D3-BF4B-00C04F79EFBC}") = "ECommerce.Payment.Host", "ECommerce.Payment.Host.csproj", "{C04C975A-2733-4FD1-B25D-8F7556A81DBE}"
EndProject
Global
	GlobalSection(SolutionConfigurationPlatforms) = preSolution
		Debug|Any CPU = Debug|Any CPU
		Release|Any CPU = Release|Any CPU
	EndGlobalSection
	GlobalSection(ProjectConfigurationPlatforms) = postSolution
		{C04C975A-2733-4FD1-B25D-8F7556A81DBE}.Debug|Any CPU.ActiveCfg = Debug|Any CPU
		{C04C975A-2733-4FD1-B25D-8F7556A81DBE}.Debug|Any CPU.Build.0 = Debug|Any CPU
		{C04C975A-2733-4FD1-B25D-8F7556A81DBE}.Release|Any CPU.ActiveCfg = Release|Any CPU
		{C04C975A-2733-4FD1-B25D-8F7556A81DBE}.Release|Any CPU.Build.0 = Release|Any CPU
	EndGlobalSection
EndGlobal
